// !$*UTF8*$!
{
	archiveVersion = 1;
	classes = {
	};
	objectVersion = 50;
	objects = {

/* Begin PBXBuildFile section */
		BD2B30A6249AE4D200046082 /* AppDelegate.swift in Sources */ = {isa = PBXBuildFile; fileRef = BD2B30A5249AE4D200046082 /* AppDelegate.swift */; };
		BD2B30A8249AE4D200046082 /* SceneDelegate.swift in Sources */ = {isa = PBXBuildFile; fileRef = BD2B30A7249AE4D200046082 /* SceneDelegate.swift */; };
		BD2B30AA249AE4D300046082 /* MapViewController.swift in Sources */ = {isa = PBXBuildFile; fileRef = BD2B30A9249AE4D300046082 /* MapViewController.swift */; };
		BD2B30BC249AE71700046082 /* Main.storyboard in Resources */ = {isa = PBXBuildFile; fileRef = BD2B30BB249AE71700046082 /* Main.storyboard */; };
		BD2B30BE249AE73800046082 /* LaunchScreen.storyboard in Resources */ = {isa = PBXBuildFile; fileRef = BD2B30BD249AE73800046082 /* LaunchScreen.storyboard */; };
		BD2B30C1249AEF0700046082 /* Assets.xcassets in Resources */ = {isa = PBXBuildFile; fileRef = BD2B30C0249AEF0600046082 /* Assets.xcassets */; };
		BD2B30C3249AF1C100046082 /* FavouritePlace.swift in Sources */ = {isa = PBXBuildFile; fileRef = BD2B30C2249AF1C100046082 /* FavouritePlace.swift */; };
		BD2B30C5249AF26000046082 /* FavouritesViewController.swift in Sources */ = {isa = PBXBuildFile; fileRef = BD2B30C4249AF26000046082 /* FavouritesViewController.swift */; };
		BD2B30C9249AFEA700046082 /* EditMarkerViewController.swift in Sources */ = {isa = PBXBuildFile; fileRef = BD2B30C8249AFEA700046082 /* EditMarkerViewController.swift */; };
		BD2B30CD249B01E000046082 /* Extension+TableView.swift in Sources */ = {isa = PBXBuildFile; fileRef = BD2B30CC249B01E000046082 /* Extension+TableView.swift */; };
		BD2B30CF249B0DC900046082 /* Extension+MapViewController.swift in Sources */ = {isa = PBXBuildFile; fileRef = BD2B30CE249B0DC900046082 /* Extension+MapViewController.swift */; };
/* End PBXBuildFile section */

/* Begin PBXFileReference section */
		BD2B30A2249AE4D200046082 /* toVisitPlaces_Raghav_C0780996.app */ = {isa = PBXFileReference; explicitFileType = wrapper.application; includeInIndex = 0; path = toVisitPlaces_Raghav_C0780996.app; sourceTree = BUILT_PRODUCTS_DIR; };
		BD2B30A5249AE4D200046082 /* AppDelegate.swift */ = {isa = PBXFileReference; lastKnownFileType = sourcecode.swift; path = AppDelegate.swift; sourceTree = "<group>"; };
		BD2B30A7249AE4D200046082 /* SceneDelegate.swift */ = {isa = PBXFileReference; lastKnownFileType = sourcecode.swift; path = SceneDelegate.swift; sourceTree = "<group>"; };
		BD2B30A9249AE4D300046082 /* MapViewController.swift */ = {isa = PBXFileReference; lastKnownFileType = sourcecode.swift; path = MapViewController.swift; sourceTree = "<group>"; };
		BD2B30B3249AE50800046082 /* Info.plist */ = {isa = PBXFileReference; lastKnownFileType = text.plist.xml; path = Info.plist; sourceTree = "<group>"; };
		BD2B30BB249AE71700046082 /* Main.storyboard */ = {isa = PBXFileReference; fileEncoding = 4; lastKnownFileType = file.storyboard; path = Main.storyboard; sourceTree = "<group>"; };
		BD2B30BD249AE73800046082 /* LaunchScreen.storyboard */ = {isa = PBXFileReference; fileEncoding = 4; lastKnownFileType = file.storyboard; path = LaunchScreen.storyboard; sourceTree = "<group>"; };
		BD2B30C0249AEF0600046082 /* Assets.xcassets */ = {isa = PBXFileReference; lastKnownFileType = folder.assetcatalog; path = Assets.xcassets; sourceTree = "<group>"; };
		BD2B30C2249AF1C100046082 /* FavouritePlace.swift */ = {isa = PBXFileReference; lastKnownFileType = sourcecode.swift; path = FavouritePlace.swift; sourceTree = "<group>"; };
		BD2B30C4249AF26000046082 /* FavouritesViewController.swift */ = {isa = PBXFileReference; lastKnownFileType = sourcecode.swift; path = FavouritesViewController.swift; sourceTree = "<group>"; };
		BD2B30C8249AFEA700046082 /* EditMarkerViewController.swift */ = {isa = PBXFileReference; lastKnownFileType = sourcecode.swift; path = EditMarkerViewController.swift; sourceTree = "<group>"; };
		BD2B30CC249B01E000046082 /* Extension+TableView.swift */ = {isa = PBXFileReference; fileEncoding = 4; lastKnownFileType = sourcecode.swift; path = "Extension+TableView.swift"; sourceTree = "<group>"; };
		BD2B30CE249B0DC900046082 /* Extension+MapViewController.swift */ = {isa = PBXFileReference; fileEncoding = 4; lastKnownFileType = sourcecode.swift; path = "Extension+MapViewController.swift"; sourceTree = "<group>"; };
/* End PBXFileReference section */

/* Begin PBXFrameworksBuildPhase section */
		BD2B309F249AE4D200046082 /* Frameworks */ = {
			isa = PBXFrameworksBuildPhase;
			buildActionMask = 2147483647;
			files = (
			);
			runOnlyForDeploymentPostprocessing = 0;
		};
/* End PBXFrameworksBuildPhase section */

/* Begin PBXGroup section */
		BD2B3099249AE4D200046082 = {
			isa = PBXGroup;
			children = (
				BD2B30A4249AE4D200046082 /* toVisitPlaces_Raghav_C0780996 */,
				BD2B30A3249AE4D200046082 /* Products */,
			);
			sourceTree = "<group>";
		};
		BD2B30A3249AE4D200046082 /* Products */ = {
			isa = PBXGroup;
			children = (
				BD2B30A2249AE4D200046082 /* toVisitPlaces_Raghav_C0780996.app */,
			);
			name = Products;
			sourceTree = "<group>";
		};
		BD2B30A4249AE4D200046082 /* toVisitPlaces_Raghav_C0780996 */ = {
			isa = PBXGroup;
			children = (
				BD2B30A5249AE4D200046082 /* AppDelegate.swift */,
				BD2B30A7249AE4D200046082 /* SceneDelegate.swift */,
				BD2B30CE249B0DC900046082 /* Extension+MapViewController.swift */,
				BD2B30CC249B01E000046082 /* Extension+TableView.swift */,
				BD2B30C2249AF1C100046082 /* FavouritePlace.swift */,
				BD2B30BF249AED4800046082 /* VC's */,
				BD2B30BB249AE71700046082 /* Main.storyboard */,
				BD2B30C0249AEF0600046082 /* Assets.xcassets */,
				BD2B30BD249AE73800046082 /* LaunchScreen.storyboard */,
				BD2B30B3249AE50800046082 /* Info.plist */,
			);
			path = toVisitPlaces_Raghav_C0780996;
			sourceTree = "<group>";
		};
		BD2B30BF249AED4800046082 /* VC's */ = {
			isa = PBXGroup;
			children = (
				BD2B30A9249AE4D300046082 /* MapViewController.swift */,
				BD2B30C4249AF26000046082 /* FavouritesViewController.swift */,
				BD2B30C8249AFEA700046082 /* EditMarkerViewController.swift */,
			);
			path = "VC's";
			sourceTree = "<group>";
		};
/* End PBXGroup section */

/* Begin PBXNativeTarget section */
		BD2B30A1249AE4D200046082 /* toVisitPlaces_Raghav_C0780996 */ = {
			isa = PBXNativeTarget;
			buildConfigurationList = BD2B30B6249AE50800046082 /* Build configuration list for PBXNativeTarget "toVisitPlaces_Raghav_C0780996" */;
			buildPhases = (
				BD2B309E249AE4D200046082 /* Sources */,
				BD2B309F249AE4D200046082 /* Frameworks */,
				BD2B30A0249AE4D200046082 /* Resources */,
			);
			buildRules = (
			);
			dependencies = (
			);
			name = toVisitPlaces_Raghav_C0780996;
			productName = toVisitPlaces_Raghav_C0780996;
			productReference = BD2B30A2249AE4D200046082 /* toVisitPlaces_Raghav_C0780996.app */;
			productType = "com.apple.product-type.application";
		};
/* End PBXNativeTarget section */

/* Begin PBXProject section */
		BD2B309A249AE4D200046082 /* Project object */ = {
			isa = PBXProject;
			attributes = {
				LastSwiftUpdateCheck = 1150;
				LastUpgradeCheck = 1150;
				ORGANIZATIONNAME = com.lambton;
				TargetAttributes = {
					BD2B30A1249AE4D200046082 = {
						CreatedOnToolsVersion = 11.5;
					};
				};
			};
			buildConfigurationList = BD2B309D249AE4D200046082 /* Build configuration list for PBXProject "toVisitPlaces_Raghav_C0780996" */;
			compatibilityVersion = "Xcode 9.3";
			developmentRegion = en;
			hasScannedForEncodings = 0;
			knownRegions = (
				en,
				Base,
			);
			mainGroup = BD2B3099249AE4D200046082;
			productRefGroup = BD2B30A3249AE4D200046082 /* Products */;
			projectDirPath = "";
			projectRoot = "";
			targets = (
				BD2B30A1249AE4D200046082 /* toVisitPlaces_Raghav_C0780996 */,
			);
		};
/* End PBXProject section */

/* Begin PBXResourcesBuildPhase section */
		BD2B30A0249AE4D200046082 /* Resources */ = {
			isa = PBXResourcesBuildPhase;
			buildActionMask = 2147483647;
			files = (
				BD2B30BE249AE73800046082 /* LaunchScreen.storyboard in Resources */,
				BD2B30C1249AEF0700046082 /* Assets.xcassets in Resources */,
				BD2B30BC249AE71700046082 /* Main.storyboard in Resources */,
			);
			runOnlyForDeploymentPostprocessing = 0;
		};
/* End PBXResourcesBuildPhase section */

/* Begin PBXSourcesBuildPhase section */
		BD2B309E249AE4D200046082 /* Sources */ = {
			isa = PBXSourcesBuildPhase;
			buildActionMask = 2147483647;
			files = (
				BD2B30C9249AFEA700046082 /* EditMarkerViewController.swift in Sources */,
				BD2B30AA249AE4D300046082 /* MapViewController.swift in Sources */,
				BD2B30A6249AE4D200046082 /* AppDelegate.swift in Sources */,
				BD2B30CF249B0DC900046082 /* Extension+MapViewController.swift in Sources */,
				BD2B30CD249B01E000046082 /* Extension+TableView.swift in Sources */,
				BD2B30A8249AE4D200046082 /* SceneDelegate.swift in Sources */,
				BD2B30C5249AF26000046082 /* FavouritesViewController.swift in Sources */,
				BD2B30C3249AF1C100046082 /* FavouritePlace.swift in Sources */,
			);
			runOnlyForDeploymentPostprocessing = 0;
		};
/* End PBXSourcesBuildPhase section */

/* Begin XCBuildConfiguration section */
		BD2B30B4249AE50800046082 /* Debug */ = {
			isa = XCBuildConfiguration;
			buildSettings = {
				ALWAYS_SEARCH_USER_PATHS = NO;
				CLANG_ANALYZER_NONNULL = YES;
				CLANG_ANALYZER_NUMBER_OBJECT_CONVERSION = YES_AGGRESSIVE;
				CLANG_CXX_LANGUAGE_STANDARD = "gnu++14";
				CLANG_CXX_LIBRARY = "libc++";
				CLANG_ENABLE_MODULES = YES;
				CLANG_ENABLE_OBJC_ARC = YES;
				CLANG_ENABLE_OBJC_WEAK = YES;
				CLANG_WARN_BLOCK_CAPTURE_AUTORELEASING = YES;
				CLANG_WARN_BOOL_CONVERSION = YES;
				CLANG_WARN_COMMA = YES;
				CLANG_WARN_CONSTANT_CONVERSION = YES;
				CLANG_WARN_DEPRECATED_OBJC_IMPLEMENTATIONS = YES;
				CLANG_WARN_DIRECT_OBJC_ISA_USAGE = YES_ERROR;
				CLANG_WARN_DOCUMENTATION_COMMENTS = YES;
				CLANG_WARN_EMPTY_BODY = YES;
				CLANG_WARN_ENUM_CONVERSION = YES;
				CLANG_WARN_INFINITE_RECURSION = YES;
				CLANG_WARN_INT_CONVERSION = YES;
				CLANG_WARN_NON_LITERAL_NULL_CONVERSION = YES;
				CLANG_WARN_OBJC_IMPLICIT_RETAIN_SELF = YES;
				CLANG_WARN_OBJC_LITERAL_CONVERSION = YES;
				CLANG_WARN_OBJC_ROOT_CLASS = YES_ERROR;
				CLANG_WARN_RANGE_LOOP_ANALYSIS = YES;
				CLANG_WARN_STRICT_PROTOTYPES = YES;
				CLANG_WARN_SUSPICIOUS_MOVE = YES;
				CLANG_WARN_UNGUARDED_AVAILABILITY = YES_AGGRESSIVE;
				CLANG_WARN_UNREACHABLE_CODE = YES;
				CLANG_WARN__DUPLICATE_METHOD_MATCH = YES;
				COPY_PHASE_STRIP = NO;
				DEBUG_INFORMATION_FORMAT = dwarf;
				ENABLE_STRICT_OBJC_MSGSEND = YES;
				ENABLE_TESTABILITY = YES;
				GCC_C_LANGUAGE_STANDARD = gnu11;
				GCC_DYNAMIC_NO_PIC = NO;
				GCC_NO_COMMON_BLOCKS = YES;
				GCC_OPTIMIZATION_LEVEL = 0;
				GCC_PREPROCESSOR_DEFINITIONS = (
					"DEBUG=1",
					"$(inherited)",
				);
				GCC_WARN_64_TO_32_BIT_CONVERSION = YES;
				GCC_WARN_ABOUT_RETURN_TYPE = YES_ERROR;
				GCC_WARN_UNDECLARED_SELECTOR = YES;
				GCC_WARN_UNINITIALIZED_AUTOS = YES_AGGRESSIVE;
				GCC_WARN_UNUSED_FUNCTION = YES;
				GCC_WARN_UNUSED_VARIABLE = YES;
				IPHONEOS_DEPLOYMENT_TARGET = 13.5;
				MTL_ENABLE_DEBUG_INFO = INCLUDE_SOURCE;
				MTL_FAST_MATH = YES;
				ONLY_ACTIVE_ARCH = YES;
				SDKROOT = iphoneos;
				SWIFT_ACTIVE_COMPILATION_CONDITIONS = DEBUG;
				SWIFT_OPTIMIZATION_LEVEL = "-Onone";
			};
			name = Debug;
		};
		BD2B30B5249AE50800046082 /* Release */ = {
			isa = XCBuildConfiguration;
			buildSettings = {
				ALWAYS_SEARCH_USER_PATHS = NO;
				CLANG_ANALYZER_NONNULL = YES;
				CLANG_ANALYZER_NUMBER_OBJECT_CONVERSION = YES_AGGRESSIVE;
				CLANG_CXX_LANGUAGE_STANDARD = "gnu++14";
				CLANG_CXX_LIBRARY = "libc++";
				CLANG_ENABLE_MODULES = YES;
				CLANG_ENABLE_OBJC_ARC = YES;
				CLANG_ENABLE_OBJC_WEAK = YES;
				CLANG_WARN_BLOCK_CAPTURE_AUTORELEASING = YES;
				CLANG_WARN_BOOL_CONVERSION = YES;
				CLANG_WARN_COMMA = YES;
				CLANG_WARN_CONSTANT_CONVERSION = YES;
				CLANG_WARN_DEPRECATED_OBJC_IMPLEMENTATIONS = YES;
				CLANG_WARN_DIRECT_OBJC_ISA_USAGE = YES_ERROR;
				CLANG_WARN_DOCUMENTATION_COMMENTS = YES;
				CLANG_WARN_EMPTY_BODY = YES;
				CLANG_WARN_ENUM_CONVERSION = YES;
				CLANG_WARN_INFINITE_RECURSION = YES;
				CLANG_WARN_INT_CONVERSION = YES;
				CLANG_WARN_NON_LITERAL_NULL_CONVERSION = YES;
				CLANG_WARN_OBJC_IMPLICIT_RETAIN_SELF = YES;
				CLANG_WARN_OBJC_LITERAL_CONVERSION = YES;
				CLANG_WARN_OBJC_ROOT_CLASS = YES_ERROR;
				CLANG_WARN_RANGE_LOOP_ANALYSIS = YES;
				CLANG_WARN_STRICT_PROTOTYPES = YES;
				CLANG_WARN_SUSPICIOUS_MOVE = YES;
				CLANG_WARN_UNGUARDED_AVAILABILITY = YES_AGGRESSIVE;
				CLANG_WARN_UNREACHABLE_CODE = YES;
				CLANG_WARN__DUPLICATE_METHOD_MATCH = YES;
				COPY_PHASE_STRIP = NO;
				DEBUG_INFORMATION_FORMAT = "dwarf-with-dsym";
				ENABLE_NS_ASSERTIONS = NO;
				ENABLE_STRICT_OBJC_MSGSEND = YES;
				GCC_C_LANGUAGE_STANDARD = gnu11;
				GCC_NO_COMMON_BLOCKS = YES;
				GCC_WARN_64_TO_32_BIT_CONVERSION = YES;
				GCC_WARN_ABOUT_RETURN_TYPE = YES_ERROR;
				GCC_WARN_UNDECLARED_SELECTOR = YES;
				GCC_WARN_UNINITIALIZED_AUTOS = YES_AGGRESSIVE;
				GCC_WARN_UNUSED_FUNCTION = YES;
				GCC_WARN_UNUSED_VARIABLE = YES;
				IPHONEOS_DEPLOYMENT_TARGET = 13.5;
				MTL_ENABLE_DEBUG_INFO = NO;
				MTL_FAST_MATH = YES;
				SDKROOT = iphoneos;
				SWIFT_COMPILATION_MODE = wholemodule;
				SWIFT_OPTIMIZATION_LEVEL = "-O";
				VALIDATE_PRODUCT = YES;
			};
			name = Release;
		};
		BD2B30B7249AE50800046082 /* Debug */ = {
			isa = XCBuildConfiguration;
			buildSettings = {
				ASSETCATALOG_COMPILER_APPICON_NAME = AppIcon;
				CODE_SIGN_STYLE = Automatic;
				DEVELOPMENT_TEAM = 99SYV7BWD8;
				INFOPLIST_FILE = toVisitPlaces_Raghav_C0780996/Info.plist;
				LD_RUNPATH_SEARCH_PATHS = (
					"$(inherited)",
					"@executable_path/Frameworks",
				);
				PRODUCT_BUNDLE_IDENTIFIER = "RaghavBobal.toVisitPlaces-Raghav-C0780996";
				PRODUCT_NAME = "$(TARGET_NAME)";
				SWIFT_VERSION = 5.0;
				TARGETED_DEVICE_FAMILY = 1;
			};
			name = Debug;
		};
		BD2B30B8249AE50800046082 /* Release */ = {
			isa = XCBuildConfiguration;
			buildSettings = {
				ASSETCATALOG_COMPILER_APPICON_NAME = AppIcon;
				CODE_SIGN_STYLE = Automatic;
				DEVELOPMENT_TEAM = 99SYV7BWD8;
				INFOPLIST_FILE = toVisitPlaces_Raghav_C0780996/Info.plist;
				LD_RUNPATH_SEARCH_PATHS = (
					"$(inherited)",
					"@executable_path/Frameworks",
				);
				PRODUCT_BUNDLE_IDENTIFIER = "RaghavBobal.toVisitPlaces-Raghav-C0780996";
				PRODUCT_NAME = "$(TARGET_NAME)";
				SWIFT_VERSION = 5.0;
				TARGETED_DEVICE_FAMILY = 1;
			};
			name = Release;
		};
/* End XCBuildConfiguration section */

/* Begin XCConfigurationList section */
		BD2B309D249AE4D200046082 /* Build configuration list for PBXProject "toVisitPlaces_Raghav_C0780996" */ = {
			isa = XCConfigurationList;
			buildConfigurations = (
				BD2B30B4249AE50800046082 /* Debug */,
				BD2B30B5249AE50800046082 /* Release */,
			);
			defaultConfigurationIsVisible = 0;
			defaultConfigurationName = Release;
		};
		BD2B30B6249AE50800046082 /* Build configuration list for PBXNativeTarget "toVisitPlaces_Raghav_C0780996" */ = {
			isa = XCConfigurationList;
			buildConfigurations = (
				BD2B30B7249AE50800046082 /* Debug */,
				BD2B30B8249AE50800046082 /* Release */,
			);
			defaultConfigurationIsVisible = 0;
			defaultConfigurationName = Release;
		};
/* End XCConfigurationList section */
	};
	rootObject = BD2B309A249AE4D200046082 /* Project object */;
}
